{
  "name": "imageprocessingbyartemius",
  "version": "1.0.0",
  "lockfileVersion": 3,
  "requires": true,
  "packages": {
    "": {
      "name": "imageprocessingbyartemius",
      "version": "1.0.0",
      "license": "MIT",
      "dependencies": {
        "markdownparserbyartemius": "^1.0.1"
      }
    },
    "node_modules/imageprocessingbyartemius": {
      "version": "1.0.0",
      "resolved": "https://registry.npmjs.org/imageprocessingbyartemius/-/imageprocessingbyartemius-1.0.0.tgz",
      "integrity": "sha512-8MiyCcLxBONYbe4LnseAKHH7t6AYl2cq3/Qt5ya+rIPbnmPp7ucIfx9GVwlSPNuYkVHKbsxOONdzyW1nJLuxsw=="
    },
    "node_modules/markdownparserbyartemius": {
      "version": "1.0.1",
      "resolved": "https://registry.npmjs.org/markdownparserbyartemius/-/markdownparserbyartemius-1.0.1.tgz",
      "integrity": "sha512-Zzx1a+95CwTVFC6eHCiTQhDWexktjSCSxWb9bxaqUy6jYxPMoadTk9cYaq2QqHB9Z2PSO94LcmGn318iWoKPBw==",
      "dependencies": {
        "imageprocessingbyartemius": "^1.0.0"
      }
    }
  }
}
